version = 1
revision = 3
requires-python = ">=3.12"
resolution-markers = [
    "python_full_version >= '3.15'",
    "python_full_version < '3.15'",
]

[options]
exclude-newer = "0001-01-01T00:00:00Z" # This has no effect and is included for backwards compatibility when using relative exclude-newer values.
exclude-newer-span = "P1D"

[[package]]
name = "colorama"
version = "0.4.6"
source = { registry = "https://pypi.org/simple" }
sdist = { url = "https://files.pythonhosted.org/packages/d8/53/6f443c9a4a8358a93a6792e2acffb9d9d5cb0a5cfd8802644b7b1c9a02e4/colorama-0.4.6.tar.gz", hash = "sha256:08695f5cb7ed6e0531a20572697297273c47b8cae5a63ffc6d6ed5c201be6e44", size = 27697, upload-time = "2022-10-25T02:36:22.414Z" }
wheels = [
    { url = "https://files.pythonhosted.org/packages/d1/d6/3965ed04c63042e047cb6a3e6ed1a63a35087b6a609aa3a15ed8ac56c221/colorama-0.4.6-py2.py3-none-any.whl", hash = "sha256:4f1d9991f5acc0ca119f9d443620b77f9d6b33703e51011c16baf57afb285fc6", size = 25335, upload-time = "2022-10-25T02:36:20.889Z" },
]

[[package]]
name = "colorzero"
version = "2.0"
source = { registry = "https://pypi.org/simple" }
dependencies = [
    { name = "setuptools" },
]
sdist = { url = "https://files.pythonhosted.org/packages/b3/ca/688824a06e8c4d04c7d2fd2af2d8da27bed51af20ee5f094154e1d680334/colorzero-2.0.tar.gz", hash = "sha256:e7d5a5c26cd0dc37b164ebefc609f388de24f8593b659191e12d85f8f9d5eb58", size = 25382, upload-time = "2021-03-15T23:42:23.261Z" }
wheels = [
    { url = "https://files.pythonhosted.org/packages/7e/a6/ddd0f130e44a7593ac6c55aa93f6e256d2270fd88e9d1b64ab7f22ab8fde/colorzero-2.0-py2.py3-none-any.whl", hash = "sha256:0e60d743a6b8071498a56465f7719c96a5e92928f858bab1be2a0d606c9aa0f8", size = 26573, upload-time = "2021-03-15T23:42:21.757Z" },
]

[[package]]
name = "gpiozero"
version = "2.0.1"
source = { registry = "https://pypi.org/simple" }
dependencies = [
    { name = "colorzero" },
]
sdist = { url = "https://files.pythonhosted.org/packages/e4/47/334b8db8a981eca9a0fb1e7e48e1997a5eaa8f40bb31c504299dcca0e6ff/gpiozero-2.0.1.tar.gz", hash = "sha256:d4ea1952689ec7e331f9d4ebc9adb15f1d01c2c9dcfabb72e752c9869ab7e97e", size = 136176, upload-time = "2024-02-15T11:07:02.919Z" }
wheels = [
    { url = "https://files.pythonhosted.org/packages/02/eb/6518a1b00488d48995034226846653c382d676cf5f04be62b3c3fae2c6a1/gpiozero-2.0.1-py3-none-any.whl", hash = "sha256:8f621de357171d574c0b7ea0e358cb66e560818a47b0eeedf41ce1cdbd20c70b", size = 150818, upload-time = "2024-02-15T11:07:00.451Z" },
]

[[package]]
name = "iniconfig"
version = "2.3.0"
source = { registry = "https://pypi.org/simple" }
sdist = { url = "https://files.pythonhosted.org/packages/72/34/14ca021ce8e5dfedc35312d08ba8bf51fdd999c576889fc2c24cb97f4f10/iniconfig-2.3.0.tar.gz", hash = "sha256:c76315c77db068650d49c5b56314774a7804df16fee4402c1f19d6d15d8c4730", size = 20503, upload-time = "2025-10-18T21:55:43.219Z" }
wheels = [
    { url = "https://files.pythonhosted.org/packages/cb/b1/3846dd7f199d53cb17f49cba7e651e9ce294d8497c8c150530ed11865bb8/iniconfig-2.3.0-py3-none-any.whl", hash = "sha256:f631c04d2c48c52b84d0d0549c99ff3859c98df65b3101406327ecc7d53fbf12", size = 7484, upload-time = "2025-10-18T21:55:41.639Z" },
]

[[package]]
name = "librt"
version = "0.9.0"
source = { registry = "https://pypi.org/simple" }
sdist = { url = "https://files.pythonhosted.org/packages/eb/6b/3d5c13fb3e3c4f43206c8f9dfed13778c2ed4f000bacaa0b7ce3c402a265/librt-0.9.0.tar.gz", hash = "sha256:a0951822531e7aee6e0dfb556b30d5ee36bbe234faf60c20a16c01be3530869d", size = 184368, upload-time = "2026-04-09T16:06:26.173Z" }
wheels = [
    { url = "https://files.pythonhosted.org/packages/bf/90/89ddba8e1c20b0922783cd93ed8e64f34dc05ab59c38a9c7e313632e20ff/librt-0.9.0-cp312-cp312-macosx_10_13_x86_64.whl", hash = "sha256:9b3e3bc363f71bda1639a4ee593cb78f7fbfeacc73411ec0d4c92f00730010a4", size = 68332, upload-time = "2026-04-09T16:05:00.09Z" },
    { url = "https://files.pythonhosted.org/packages/a8/40/7aa4da1fb08bdeeb540cb07bfc8207cb32c5c41642f2594dbd0098a0662d/librt-0.9.0-cp312-cp312-macosx_11_0_arm64.whl", hash = "sha256:0a09c2f5869649101738653a9b7ab70cf045a1105ac66cbb8f4055e61df78f2d", size = 70581, upload-time = "2026-04-09T16:05:01.213Z" },
    { url = "https://files.pythonhosted.org/packages/48/ac/73a2187e1031041e93b7e3a25aae37aa6f13b838c550f7e0f06f66766212/librt-0.9.0-cp312-cp312-manylinux1_i686.manylinux_2_28_i686.manylinux_2_5_i686.whl", hash = "sha256:5ca8e133d799c948db2ab1afc081c333a825b5540475164726dcbf73537e5c2f", size = 203984, upload-time = "2026-04-09T16:05:02.542Z" },
    { url = "https://files.pythonhosted.org/packages/5e/3d/23460d571e9cbddb405b017681df04c142fb1b04cbfce77c54b08e28b108/librt-0.9.0-cp312-cp312-manylinux2014_aarch64.manylinux_2_17_aarch64.manylinux_2_28_aarch64.whl", hash = "sha256:603138ee838ee1583f1b960b62d5d0007845c5c423feb68e44648b1359014e27", size = 215762, upload-time = "2026-04-09T16:05:04.127Z" },
    { url = "https://files.pythonhosted.org/packages/de/1e/42dc7f8ab63e65b20640d058e63e97fd3e482c1edbda3570d813b4d0b927/librt-0.9.0-cp312-cp312-manylinux2014_x86_64.manylinux_2_17_x86_64.manylinux_2_28_x86_64.whl", hash = "sha256:f4003f70c56a5addd6aa0897f200dd59afd3bf7bcd5b3cce46dd21f925743bc2", size = 230288, upload-time = "2026-04-09T16:05:05.883Z" },
    { url = "https://files.pythonhosted.org/packages/dc/08/ca812b6d8259ad9ece703397f8ad5c03af5b5fedfce64279693d3ce4087c/librt-0.9.0-cp312-cp312-manylinux_2_31_riscv64.manylinux_2_39_riscv64.whl", hash = "sha256:78042f6facfd98ecb25e9829c7e37cce23363d9d7c83bc5f72702c5059eb082b", size = 224103, upload-time = "2026-04-09T16:05:07.148Z" },
    { url = "https://files.pythonhosted.org/packages/b6/3f/620490fb2fa66ffd44e7f900254bc110ebec8dac6c1b7514d64662570e6f/librt-0.9.0-cp312-cp312-musllinux_1_2_aarch64.whl", hash = "sha256:a361c9434a64d70a7dbb771d1de302c0cc9f13c0bffe1cf7e642152814b35265", size = 232122, upload-time = "2026-04-09T16:05:08.386Z" },
    { url = "https://files.pythonhosted.org/packages/e9/83/12864700a1b6a8be458cf5d05db209b0d8e94ae281e7ec261dbe616597b4/librt-0.9.0-cp312-cp312-musllinux_1_2_i686.whl", hash = "sha256:dd2c7e082b0b92e1baa4da28163a808672485617bc855cc22a2fd06978fa9084", size = 225045, upload-time = "2026-04-09T16:05:09.707Z" },
    { url = "https://files.pythonhosted.org/packages/fd/1b/845d339c29dc7dbc87a2e992a1ba8d28d25d0e0372f9a0a2ecebde298186/librt-0.9.0-cp312-cp312-musllinux_1_2_riscv64.whl", hash = "sha256:7e6274fd33fc5b2a14d41c9119629d3ff395849d8bcbc80cf637d9e8d2034da8", size = 227372, upload-time = "2026-04-09T16:05:10.942Z" },
    { url = "https://files.pythonhosted.org/packages/8d/fe/277985610269d926a64c606f761d58d3db67b956dbbf40024921e95e7fcb/librt-0.9.0-cp312-cp312-musllinux_1_2_x86_64.whl", hash = "sha256:5093043afb226ecfa1400120d1ebd4442b4f99977783e4f4f7248879009b227f", size = 248224, upload-time = "2026-04-09T16:05:12.254Z" },
    { url = "https://files.pythonhosted.org/packages/92/1b/ee486d244b8de6b8b5dbaefabe6bfdd4a72e08f6353edf7d16d27114da8d/librt-0.9.0-cp312-cp312-win32.whl", hash = "sha256:9edcc35d1cae9fd5320171b1a838c7da8a5c968af31e82ecc3dff30b4be0957f", size = 55986, upload-time = "2026-04-09T16:05:13.529Z" },
    { url = "https://files.pythonhosted.org/packages/89/7a/ba1737012308c17dc6d5516143b5dce9a2c7ba3474afd54e11f44a4d1ef3/librt-0.9.0-cp312-cp312-win_amd64.whl", hash = "sha256:3cc2917258e131ae5f958a4d872e07555b51cb7466a43433218061c74ef33745", size = 63260, upload-time = "2026-04-09T16:05:14.68Z" },
    { url = "https://files.pythonhosted.org/packages/36/e4/01752c113da15127f18f7bf11142f5640038f062407a611c059d0036c6aa/librt-0.9.0-cp312-cp312-win_arm64.whl", hash = "sha256:90e6d5420fc8a300518d4d2288154ff45005e920425c22cbbfe8330f3f754bd9", size = 53694, upload-time = "2026-04-09T16:05:16.095Z" },
    { url = "https://files.pythonhosted.org/packages/5f/d7/1b3e26fffde1452d82f5666164858a81c26ebe808e7ae8c9c88628981540/librt-0.9.0-cp313-cp313-macosx_10_13_x86_64.whl", hash = "sha256:f29b68cd9714531672db62cc54f6e8ff981900f824d13fa0e00749189e13778e", size = 68367, upload-time = "2026-04-09T16:05:17.243Z" },
    { url = "https://files.pythonhosted.org/packages/a5/5b/c61b043ad2e091fbe1f2d35d14795e545d0b56b03edaa390fa1dcee3d160/librt-0.9.0-cp313-cp313-macosx_11_0_arm64.whl", hash = "sha256:7d5c8a5929ac325729f6119802070b561f4db793dffc45e9ac750992a4ed4d22", size = 70595, upload-time = "2026-04-09T16:05:18.471Z" },
    { url = "https://files.pythonhosted.org/packages/a3/22/2448471196d8a73370aa2f23445455dc42712c21404081fcd7a03b9e0749/librt-0.9.0-cp313-cp313-manylinux1_i686.manylinux_2_28_i686.manylinux_2_5_i686.whl", hash = "sha256:756775d25ec8345b837ab52effee3ad2f3b2dfd6bbee3e3f029c517bd5d8f05a", size = 204354, upload-time = "2026-04-09T16:05:19.593Z" },
    { url = "https://files.pythonhosted.org/packages/ac/5e/39fc4b153c78cfd2c8a2dcb32700f2d41d2312aa1050513183be4540930d/librt-0.9.0-cp313-cp313-manylinux2014_aarch64.manylinux_2_17_aarch64.manylinux_2_28_aarch64.whl", hash = "sha256:2b8f5d00b49818f4e2b1667db994488b045835e0ac16fe2f924f3871bd2b8ac5", size = 216238, upload-time = "2026-04-09T16:05:20.868Z" },
    { url = "https://files.pythonhosted.org/packages/d7/42/bc2d02d0fa7badfa63aa8d6dcd8793a9f7ef5a94396801684a51ed8d8287/librt-0.9.0-cp313-cp313-manylinux2014_x86_64.manylinux_2_17_x86_64.manylinux_2_28_x86_64.whl", hash = "sha256:c81aef782380f0f13ead670aae01825eb653b44b046aa0e5ebbb79f76ed4aa11", size = 230589, upload-time = "2026-04-09T16:05:22.305Z" },
    { url = "https://files.pythonhosted.org/packages/c8/7b/e2d95cc513866373692aa5edf98080d5602dd07cabfb9e5d2f70df2f25f7/librt-0.9.0-cp313-cp313-manylinux_2_31_riscv64.manylinux_2_39_riscv64.whl", hash = "sha256:66b58fed90a545328e80d575467244de3741e088c1af928f0b489ebec3ef3858", size = 224610, upload-time = "2026-04-09T16:05:23.647Z" },
    { url = "https://files.pythonhosted.org/packages/31/d5/6cec4607e998eaba57564d06a1295c21b0a0c8de76e4e74d699e627bd98c/librt-0.9.0-cp313-cp313-musllinux_1_2_aarch64.whl", hash = "sha256:e78fb7419e07d98c2af4b8567b72b3eaf8cb05caad642e9963465569c8b2d87e", size = 232558, upload-time = "2026-04-09T16:05:25.025Z" },
    { url = "https://files.pythonhosted.org/packages/95/8c/27f1d8d3aaf079d3eb26439bf0b32f1482340c3552e324f7db9dca858671/librt-0.9.0-cp313-cp313-musllinux_1_2_i686.whl", hash = "sha256:2c3786f0f4490a5cd87f1ed6cefae833ad6b1060d52044ce0434a2e85893afd0", size = 225521, upload-time = "2026-04-09T16:05:26.311Z" },
    { url = "https://files.pythonhosted.org/packages/6b/d8/1e0d43b1c329b416017619469b3c3801a25a6a4ef4a1c68332aeaa6f72ca/librt-0.9.0-cp313-cp313-musllinux_1_2_riscv64.whl", hash = "sha256:8494cfc61e03542f2d381e71804990b3931175a29b9278fdb4a5459948778dc2", size = 227789, upload-time = "2026-04-09T16:05:27.624Z" },
    { url = "https://files.pythonhosted.org/packages/2c/b4/d3d842e88610fcd4c8eec7067b0c23ef2d7d3bff31496eded6a83b0f99be/librt-0.9.0-cp313-cp313-musllinux_1_2_x86_64.whl", hash = "sha256:07cf11f769831186eeac424376e6189f20ace4f7263e2134bdb9757340d84d4d", size = 248616, upload-time = "2026-04-09T16:05:29.181Z" },
    { url = "https://files.pythonhosted.org/packages/ec/28/527df8ad0d1eb6c8bdfa82fc190f1f7c4cca5a1b6d7b36aeabf95b52d74d/librt-0.9.0-cp313-cp313-win32.whl", hash = "sha256:850d6d03177e52700af605fd60db7f37dcb89782049a149674d1a9649c2138fd", size = 56039, upload-time = "2026-04-09T16:05:30.709Z" },
    { url = "https://files.pythonhosted.org/packages/f3/a7/413652ad0d92273ee5e30c000fc494b361171177c83e57c060ecd3c21538/librt-0.9.0-cp313-cp313-win_amd64.whl", hash = "sha256:a5af136bfba820d592f86c67affcef9b3ff4d4360ac3255e341e964489b48519", size = 63264, upload-time = "2026-04-09T16:05:31.881Z" },
    { url = "https://files.pythonhosted.org/packages/a4/0a/92c244309b774e290ddb15e93363846ae7aa753d9586b8aad511c5e6145b/librt-0.9.0-cp313-cp313-win_arm64.whl", hash = "sha256:4c4d0440a3a8e31d962340c3e1cc3fc9ee7febd34c8d8f770d06adb947779ea5", size = 53728, upload-time = "2026-04-09T16:05:33.31Z" },
    { url = "https://files.pythonhosted.org/packages/cd/c1/184e539543f06ea2912f4b92a5ffaede4f9b392689e3f00acbf8134bee92/librt-0.9.0-cp314-cp314-macosx_10_13_x86_64.whl", hash = "sha256:3f05d145df35dca5056a8bc3838e940efebd893a54b3e19b2dda39ceaa299bcb", size = 67830, upload-time = "2026-04-09T16:05:34.517Z" },
    { url = "https://files.pythonhosted.org/packages/f3/ad/23399bdcb7afca819acacdef31b37ee59de261bd66b503a7995c03c4b0dc/librt-0.9.0-cp314-cp314-macosx_11_0_arm64.whl", hash = "sha256:1c587494461ebd42229d0f1739f3aa34237dd9980623ecf1be8d3bcba79f4499", size = 70280, upload-time = "2026-04-09T16:05:35.649Z" },
    { url = "https://files.pythonhosted.org/packages/9f/0b/4542dc5a2b8772dbf92cafb9194701230157e73c14b017b6961a23598b03/librt-0.9.0-cp314-cp314-manylinux1_i686.manylinux_2_28_i686.manylinux_2_5_i686.whl", hash = "sha256:b0a2040f801406b93657a70b72fa12311063a319fee72ce98e1524da7200171f", size = 201925, upload-time = "2026-04-09T16:05:36.739Z" },
    { url = "https://files.pythonhosted.org/packages/31/d4/8ee7358b08fd0cfce051ef96695380f09b3c2c11b77c9bfbc367c921cce5/librt-0.9.0-cp314-cp314-manylinux2014_aarch64.manylinux_2_17_aarch64.manylinux_2_28_aarch64.whl", hash = "sha256:f38bc489037eca88d6ebefc9c4d41a4e07c8e8b4de5188a9e6d290273ad7ebb1", size = 212381, upload-time = "2026-04-09T16:05:38.043Z" },
    { url = "https://files.pythonhosted.org/packages/f2/94/a2025fe442abedf8b038038dab3dba942009ad42b38ea064a1a9e6094241/librt-0.9.0-cp314-cp314-manylinux2014_x86_64.manylinux_2_17_x86_64.manylinux_2_28_x86_64.whl", hash = "sha256:f3fd278f5e6bf7c75ccd6d12344eb686cc020712683363b66f46ac79d37c799f", size = 227065, upload-time = "2026-04-09T16:05:39.394Z" },
    { url = "https://files.pythonhosted.org/packages/7c/e9/b9fcf6afa909f957cfbbf918802f9dada1bd5d3c1da43d722fd6a310dc3f/librt-0.9.0-cp314-cp314-manylinux_2_31_riscv64.manylinux_2_39_riscv64.whl", hash = "sha256:fcbdf2a9ca24e87bbebb47f1fe34e531ef06f104f98c9ccfc953a3f3344c567a", size = 221333, upload-time = "2026-04-09T16:05:40.999Z" },
    { url = "https://files.pythonhosted.org/packages/ac/7c/ba54cd6aa6a3c8cd12757a6870e0c79a64b1e6327f5248dcff98423f4d43/librt-0.9.0-cp314-cp314-musllinux_1_2_aarch64.whl", hash = "sha256:e306d956cfa027fe041585f02a1602c32bfa6bb8ebea4899d373383295a6c62f", size = 229051, upload-time = "2026-04-09T16:05:42.605Z" },
    { url = "https://files.pythonhosted.org/packages/4b/4b/8cfdbad314c8677a0148bf0b70591d6d18587f9884d930276098a235461b/librt-0.9.0-cp314-cp314-musllinux_1_2_i686.whl", hash = "sha256:465814ab157986acb9dfa5ccd7df944be5eefc0d08d31ec6e8d88bc71251d845", size = 222492, upload-time = "2026-04-09T16:05:43.842Z" },
    { url = "https://files.pythonhosted.org/packages/1f/d1/2eda69563a1a88706808decdce035e4b32755dbfbb0d05e1a65db9547ed1/librt-0.9.0-cp314-cp314-musllinux_1_2_riscv64.whl", hash = "sha256:703f4ae36d6240bfe24f542bac784c7e4194ec49c3ba5a994d02891649e2d85b", size = 223849, upload-time = "2026-04-09T16:05:45.054Z" },
    { url = "https://files.pythonhosted.org/packages/04/44/b2ed37df6be5b3d42cfe36318e0598e80843d5c6308dd63d0bf4e0ce5028/librt-0.9.0-cp314-cp314-musllinux_1_2_x86_64.whl", hash = "sha256:3be322a15ee5e70b93b7a59cfd074614f22cc8c9ff18bd27f474e79137ea8d3b", size = 245001, upload-time = "2026-04-09T16:05:46.34Z" },
    { url = "https://files.pythonhosted.org/packages/47/e7/617e412426df89169dd2a9ed0cc8752d5763336252c65dbf945199915119/librt-0.9.0-cp314-cp314-win32.whl", hash = "sha256:b8da9f8035bb417770b1e1610526d87ad4fc58a2804dc4d79c53f6d2cf5a6eb9", size = 51799, upload-time = "2026-04-09T16:05:47.738Z" },
    { url = "https://files.pythonhosted.org/packages/24/ed/c22ca4db0ca3cbc285e4d9206108746beda561a9792289c3c31281d7e9df/librt-0.9.0-cp314-cp314-win_amd64.whl", hash = "sha256:b8bd70d5d816566a580d193326912f4a76ec2d28a97dc4cd4cc831c0af8e330e", size = 59165, upload-time = "2026-04-09T16:05:49.198Z" },
    { url = "https://files.pythonhosted.org/packages/24/56/875398fafa4cbc8f15b89366fc3287304ddd3314d861f182a4b87595ace0/librt-0.9.0-cp314-cp314-win_arm64.whl", hash = "sha256:fc5758e2b7a56532dc33e3c544d78cbaa9ecf0a0f2a2da2df882c1d6b99a317f", size = 49292, upload-time = "2026-04-09T16:05:50.362Z" },
    { url = "https://files.pythonhosted.org/packages/4c/61/bc448ecbf9b2d69c5cff88fe41496b19ab2a1cbda0065e47d4d0d51c0867/librt-0.9.0-cp314-cp314t-macosx_10_13_x86_64.whl", hash = "sha256:f24b90b0e0c8cc9491fb1693ae91fe17cb7963153a1946395acdbdd5818429a4", size = 70175, upload-time = "2026-04-09T16:05:51.564Z" },
    { url = "https://files.pythonhosted.org/packages/60/f2/c47bb71069a73e2f04e70acbd196c1e5cc411578ac99039a224b98920fd4/librt-0.9.0-cp314-cp314t-macosx_11_0_arm64.whl", hash = "sha256:3fe56e80badb66fdcde06bef81bbaa5bfcf6fbd7aefb86222d9e369c38c6b228", size = 72951, upload-time = "2026-04-09T16:05:52.699Z" },
    { url = "https://files.pythonhosted.org/packages/29/19/0549df59060631732df758e8886d92088da5fdbedb35b80e4643664e8412/librt-0.9.0-cp314-cp314t-manylinux1_i686.manylinux_2_28_i686.manylinux_2_5_i686.whl", hash = "sha256:527b5b820b47a09e09829051452bb0d1dd2122261254e2a6f674d12f1d793d54", size = 225864, upload-time = "2026-04-09T16:05:53.895Z" },
    { url = "https://files.pythonhosted.org/packages/9d/f8/3b144396d302ac08e50f89e64452c38db84bc7b23f6c60479c5d3abd303c/librt-0.9.0-cp314-cp314t-manylinux2014_aarch64.manylinux_2_17_aarch64.manylinux_2_28_aarch64.whl", hash = "sha256:7d429bdd4ac0ab17c8e4a8af0ed2a7440b16eba474909ab357131018fe8c7e71", size = 241155, upload-time = "2026-04-09T16:05:55.191Z" },
    { url = "https://files.pythonhosted.org/packages/7a/ce/ee67ec14581de4043e61d05786d2aed6c9b5338816b7859bcf07455c6a9f/librt-0.9.0-cp314-cp314t-manylinux2014_x86_64.manylinux_2_17_x86_64.manylinux_2_28_x86_64.whl", hash = "sha256:7202bdcac47d3a708271c4304a474a8605a4a9a4a709e954bf2d3241140aa938", size = 252235, upload-time = "2026-04-09T16:05:56.549Z" },
    { url = "https://files.pythonhosted.org/packages/8a/fa/0ead15daa2b293a54101550b08d4bafe387b7d4a9fc6d2b985602bae69b6/librt-0.9.0-cp314-cp314t-manylinux_2_31_riscv64.manylinux_2_39_riscv64.whl", hash = "sha256:c0d620e74897f8c2613b3c4e2e9c1e422eb46d2ddd07df540784d44117836af3", size = 244963, upload-time = "2026-04-09T16:05:57.858Z" },
    { url = "https://files.pythonhosted.org/packages/29/68/9fbf9a9aa704ba87689e40017e720aced8d9a4d2b46b82451d8142f91ec9/librt-0.9.0-cp314-cp314t-musllinux_1_2_aarch64.whl", hash = "sha256:d69fc39e627908f4c03297d5a88d9284b73f4d90b424461e32e8c2485e21c283", size = 257364, upload-time = "2026-04-09T16:05:59.686Z" },
    { url = "https://files.pythonhosted.org/packages/1a/8d/9d60869f1b6716c762e45f66ed945b1e5dd649f7377684c3b176ae424648/librt-0.9.0-cp314-cp314t-musllinux_1_2_i686.whl", hash = "sha256:c2640e23d2b7c98796f123ffd95cf2022c7777aa8a4a3b98b36c570d37e85eee", size = 247661, upload-time = "2026-04-09T16:06:00.938Z" },
    { url = "https://files.pythonhosted.org/packages/70/ff/a5c365093962310bfdb4f6af256f191085078ffb529b3f0cbebb5b33ebe2/librt-0.9.0-cp314-cp314t-musllinux_1_2_riscv64.whl", hash = "sha256:451daa98463b7695b0a30aa56bf637831ea559e7b8101ac2ef6382e8eb15e29c", size = 248238, upload-time = "2026-04-09T16:06:02.537Z" },
    { url = "https://files.pythonhosted.org/packages/a0/3c/2d34365177f412c9e19c0a29f969d70f5343f27634b76b765a54d8b27705/librt-0.9.0-cp314-cp314t-musllinux_1_2_x86_64.whl", hash = "sha256:928bd06eca2c2bbf4349e5b817f837509b0604342e65a502de1d50a7570afd15", size = 269457, upload-time = "2026-04-09T16:06:03.833Z" },
    { url = "https://files.pythonhosted.org/packages/bc/cd/de45b239ea3bdf626f982a00c14bfcf2e12d261c510ba7db62c5969a27cd/librt-0.9.0-cp314-cp314t-win32.whl", hash = "sha256:a9c63e04d003bc0fb6a03b348018b9a3002f98268200e22cc80f146beac5dc40", size = 52453, upload-time = "2026-04-09T16:06:05.229Z" },
    { url = "https://files.pythonhosted.org/packages/7f/f9/bfb32ae428aa75c0c533915622176f0a17d6da7b72b5a3c6363685914f70/librt-0.9.0-cp314-cp314t-win_amd64.whl", hash = "sha256:f162af66a2ed3f7d1d161a82ca584efd15acd9c1cff190a373458c32f7d42118", size = 60044, upload-time = "2026-04-09T16:06:06.398Z" },
    { url = "https://files.pythonhosted.org/packages/aa/47/7d70414bcdbb3bc1f458a8d10558f00bbfdb24e5a11740fc8197e12c3255/librt-0.9.0-cp314-cp314t-win_arm64.whl", hash = "sha256:a4b25c6c25cac5d0d9d6d6da855195b254e0021e513e0249f0e3b444dc6e0e61", size = 50009, upload-time = "2026-04-09T16:06:07.995Z" },
]

[[package]]
name = "mqttgpio"
version = "0.0.3"
source = { editable = "." }
dependencies = [
    { name = "gpiozero" },
    { name = "paho-mqtt" },
    { name = "schedule" },
]

[package.dev-dependencies]
dev = [
    { name = "mypy" },
    { name = "pytest" },
    { name = "ruff" },
    { name = "ty" },
]

[package.metadata]
requires-dist = [
    { name = "gpiozero", specifier = ">=2.0,<3.0" },
    { name = "paho-mqtt", specifier = ">=2.0.0" },
    { name = "schedule", specifier = ">=1.1.0" },
]

[package.metadata.requires-dev]
dev = [
    { name = "mypy", specifier = ">=1.15.0" },
    { name = "pytest", specifier = ">=8.3.4" },
    { name = "ruff", specifier = ">=0.9.7" },
    { name = "ty", specifier = ">=0.0.34" },
]

[[package]]
name = "mypy"
version = "1.20.2"
source = { registry = "https://pypi.org/simple" }
dependencies = [
    { name = "librt", marker = "platform_python_implementation != 'PyPy'" },
    { name = "mypy-extensions" },
    { name = "pathspec" },
    { name = "typing-extensions" },
]
sdist = { url = "https://files.pythonhosted.org/packages/04/af/e3d4b3e9ec91a0ff9aabfdb38692952acf49bbb899c2e4c29acb3a6da3ae/mypy-1.20.2.tar.gz", hash = "sha256:e8222c26daaafd9e8626dec58ae36029f82585890589576f769a650dd20fd665", size = 3817349, upload-time = "2026-04-21T17:12:28.473Z" }
wheels = [
    { url = "https://files.pythonhosted.org/packages/71/4e/7560e4528db9e9b147e4c0f22660466bf30a0a1fe3d63d1b9d3b0fd354ee/mypy-1.20.2-cp312-cp312-macosx_10_13_x86_64.whl", hash = "sha256:4dbfcf869f6b0517f70cf0030ba6ea1d6645e132337a7d5204a18d8d5636c02b", size = 14539393, upload-time = "2026-04-21T17:07:12.52Z" },
    { url = "https://files.pythonhosted.org/packages/32/d9/34a5efed8124f5a9234f55ac6a4ced4201e2c5b81e1109c49ad23190ec8c/mypy-1.20.2-cp312-cp312-macosx_11_0_arm64.whl", hash = "sha256:4b6481b228d072315b053210b01ac320e1be243dc17f9e5887ef167f23f5fae4", size = 13361642, upload-time = "2026-04-21T17:06:53.742Z" },
    { url = "https://files.pythonhosted.org/packages/d1/14/eb377acf78c03c92d566a1510cda8137348215b5335085ef662ab82ecd3a/mypy-1.20.2-cp312-cp312-manylinux2014_aarch64.manylinux_2_17_aarch64.manylinux_2_28_aarch64.whl", hash = "sha256:34397cdced6b90b836e38182076049fdb41424322e0b0728c946b0939ebdf9f6", size = 13740347, upload-time = "2026-04-21T17:12:04.73Z" },
    { url = "https://files.pythonhosted.org/packages/b9/94/7e4634a32b641aa1c112422eed1bbece61ee16205f674190e8b536f884de/mypy-1.20.2-cp312-cp312-manylinux2014_x86_64.manylinux_2_17_x86_64.manylinux_2_28_x86_64.whl", hash = "sha256:a5da6976f20cae27059ea8d0c86e7cef3de720e04c4bb9ee18e3690fdb792066", size = 14734042, upload-time = "2026-04-21T17:07:43.16Z" },
    { url = "https://files.pythonhosted.org/packages/7a/f3/f7e62395cb7f434541b4491a01149a4439e28ace4c0c632bbf5431e92d1f/mypy-1.20.2-cp312-cp312-musllinux_1_2_x86_64.whl", hash = "sha256:56908d7e08318d39f85b1f0c6cfd47b0cac1a130da677630dac0de3e0623e102", size = 14964958, upload-time = "2026-04-21T17:11:00.665Z" },
    { url = "https://files.pythonhosted.org/packages/3e/0d/47e3c3a0ec2a876e35aeac365df3cac7776c36bbd4ed18cc521e1b9d255b/mypy-1.20.2-cp312-cp312-win_amd64.whl", hash = "sha256:d52ad8d78522da1d308789df651ee5379088e77c76cb1994858d40a426b343b9", size = 10911340, upload-time = "2026-04-21T17:10:49.179Z" },
    { url = "https://files.pythonhosted.org/packages/d6/b2/6c852d72e0ea8b01f49da817fb52539993cde327e7d010e0103dc12d0dac/mypy-1.20.2-cp312-cp312-win_arm64.whl", hash = "sha256:785b08db19c9f214dc37d65f7c165d19a30fcecb48abfa30f31b01b5acaabb58", size = 9833947, upload-time = "2026-04-21T17:09:05.267Z" },
    { url = "https://files.pythonhosted.org/packages/5b/c4/b93812d3a192c9bcf5df405bd2f30277cd0e48106a14d1023c7f6ed6e39b/mypy-1.20.2-cp313-cp313-macosx_10_13_x86_64.whl", hash = "sha256:edfbfca868cdd6bd8d974a60f8a3682f5565d3f5c99b327640cedd24c4264026", size = 14524670, upload-time = "2026-04-21T17:10:30.737Z" },
    { url = "https://files.pythonhosted.org/packages/f3/47/42c122501bff18eaf1e8f457f5c017933452d8acdc52918a9f59f6812955/mypy-1.20.2-cp313-cp313-macosx_11_0_arm64.whl", hash = "sha256:e2877a02380adfcdbc69071a0f74d6e9dbbf593c0dc9d174e1f223ffd5281943", size = 13336218, upload-time = "2026-04-21T17:08:44.069Z" },
    { url = "https://files.pythonhosted.org/packages/92/8f/75bbc92f41725fbd585fb17b440b1119b576105df1013622983e18640a93/mypy-1.20.2-cp313-cp313-manylinux2014_aarch64.manylinux_2_17_aarch64.manylinux_2_28_aarch64.whl", hash = "sha256:7488448de6007cd5177c6cea0517ac33b4c0f5ee9b5e9f2be51ce75511a85517", size = 13724906, upload-time = "2026-04-21T17:08:01.02Z" },
    { url = "https://files.pythonhosted.org/packages/a1/32/4c49da27a606167391ff0c39aa955707a00edc500572e562f7c36c08a71f/mypy-1.20.2-cp313-cp313-manylinux2014_x86_64.manylinux_2_17_x86_64.manylinux_2_28_x86_64.whl", hash = "sha256:bb9c2fa06887e21d6a3a868762acb82aec34e2c6fd0174064f27c93ede68ad15", size = 14726046, upload-time = "2026-04-21T17:11:22.354Z" },
    { url = "https://files.pythonhosted.org/packages/7f/fc/4e354a1bd70216359deb0c9c54847ee6b32ef78dfb09f5131ff99b494078/mypy-1.20.2-cp313-cp313-musllinux_1_2_x86_64.whl", hash = "sha256:9d56a78b646f2e3daa865bc70cd5ec5a46c50045801ca8ff17a0c43abc97e3ee", size = 14955587, upload-time = "2026-04-21T17:12:16.033Z" },
    { url = "https://files.pythonhosted.org/packages/62/b2/c0f2056e9eb8f08c62cafd9715e4584b89132bdc832fcf85d27d07b5f3e5/mypy-1.20.2-cp313-cp313-win_amd64.whl", hash = "sha256:2a4102b03bb7481d9a91a6da8d174740c9c8c4401024684b9ca3b7cc5e49852f", size = 10922681, upload-time = "2026-04-21T17:06:35.842Z" },
    { url = "https://files.pythonhosted.org/packages/e5/14/065e333721f05de8ef683d0aa804c23026bcc287446b61cac657b902ccac/mypy-1.20.2-cp313-cp313-win_arm64.whl", hash = "sha256:a95a9248b0c6fd933a442c03c3b113c3b61320086b88e2c444676d3fd1ca3330", size = 9830560, upload-time = "2026-04-21T17:07:51.023Z" },
    { url = "https://files.pythonhosted.org/packages/ae/d1/b4ec96b0ecc620a4443570c6e95c867903428cfcde4206518eafdd5880c3/mypy-1.20.2-cp314-cp314-macosx_10_15_x86_64.whl", hash = "sha256:419413398fe250aae057fd2fe50166b61077083c9b82754c341cf4fd73038f30", size = 14524561, upload-time = "2026-04-21T17:06:27.325Z" },
    { url = "https://files.pythonhosted.org/packages/3a/63/d2c2ff4fa66bc49477d32dfa26e8a167ba803ea6a69c5efb416036909d30/mypy-1.20.2-cp314-cp314-macosx_11_0_arm64.whl", hash = "sha256:e73c07f23009962885c197ccb9b41356a30cc0e5a1d0c2ea8fd8fb1362d7f924", size = 13363883, upload-time = "2026-04-21T17:11:11.239Z" },
    { url = "https://files.pythonhosted.org/packages/2a/56/983916806bf4eddeaaa2c9230903c3669c6718552a921154e1c5182c701f/mypy-1.20.2-cp314-cp314-manylinux2014_aarch64.manylinux_2_17_aarch64.manylinux_2_28_aarch64.whl", hash = "sha256:0c64e5973df366b747646fc98da921f9d6eba9716d57d1db94a83c026a08e0fb", size = 13742945, upload-time = "2026-04-21T17:08:34.181Z" },
    { url = "https://files.pythonhosted.org/packages/19/65/0cd9285ab010ee8214c83d67c6b49417c40d86ce46f1aa109457b5a9b8d7/mypy-1.20.2-cp314-cp314-manylinux2014_x86_64.manylinux_2_17_x86_64.manylinux_2_28_x86_64.whl", hash = "sha256:5a65aa591af023864fd08a97da9974e919452cfe19cb146c8a5dc692626445dc", size = 14706163, upload-time = "2026-04-21T17:05:15.51Z" },
    { url = "https://files.pythonhosted.org/packages/94/97/48ff3b297cafcc94d185243a9190836fb1b01c1b0918fff64e941e973cc9/mypy-1.20.2-cp314-cp314-musllinux_1_2_x86_64.whl", hash = "sha256:4fef51b01e638974a6e69885687e9bd40c8d1e09a6cd291cca0619625cf1f558", size = 14938677, upload-time = "2026-04-21T17:05:39.562Z" },
    { url = "https://files.pythonhosted.org/packages/fd/a1/1b4233d255bdd0b38a1f284feeb1c143ca508c19184964e22f8d837ec851/mypy-1.20.2-cp314-cp314-win_amd64.whl", hash = "sha256:913485a03f1bcf5d279409a9d2b9ed565c151f61c09f29991e5faa14033da4c8", size = 11089322, upload-time = "2026-04-21T17:06:44.29Z" },
    { url = "https://files.pythonhosted.org/packages/78/c2/ce7ee2ba36aeb954ba50f18fa25d9c1188578654b97d02a66a15b6f09531/mypy-1.20.2-cp314-cp314-win_arm64.whl", hash = "sha256:c3bae4f855d965b5453784300c12ffc63a548304ac7f99e55d4dc7c898673aa3", size = 10017775, upload-time = "2026-04-21T17:07:20.732Z" },
    { url = "https://files.pythonhosted.org/packages/4e/a1/9d93a7d0b5859af0ead82b4888b46df6c8797e1bc5e1e262a08518c6d48e/mypy-1.20.2-cp314-cp314t-macosx_10_15_x86_64.whl", hash = "sha256:2de3dcea53babc1c3237a19002bc3d228ce1833278f093b8d619e06e7cc79609", size = 15549002, upload-time = "2026-04-21T17:08:23.107Z" },
    { url = "https://files.pythonhosted.org/packages/00/d2/09a6a10ee1bf0008f6c144d9676f2ca6a12512151b4e0ad0ff6c4fac5337/mypy-1.20.2-cp314-cp314t-macosx_11_0_arm64.whl", hash = "sha256:52b176444e2e5054dfcbcb8c75b0b719865c96247b37407184bbfca5c353f2c2", size = 14401942, upload-time = "2026-04-21T17:07:31.837Z" },
    { url = "https://files.pythonhosted.org/packages/57/da/9594b75c3c019e805250bed3583bdf4443ff9e6ef08f97e39ae308cb06f2/mypy-1.20.2-cp314-cp314t-manylinux2014_aarch64.manylinux_2_17_aarch64.manylinux_2_28_aarch64.whl", hash = "sha256:688c3312e5dadb573a2c69c82af3a298d43ecf9e6d264e0f95df960b5f6ac19c", size = 15041649, upload-time = "2026-04-21T17:09:34.653Z" },
    { url = "https://files.pythonhosted.org/packages/97/77/f75a65c278e6e8eba2071f7f5a90481891053ecc39878cc444634d892abe/mypy-1.20.2-cp314-cp314t-manylinux2014_x86_64.manylinux_2_17_x86_64.manylinux_2_28_x86_64.whl", hash = "sha256:29752dbbf8cc53f89f6ac096d363314333045c257c9c75cbd189ca2de0455744", size = 15864588, upload-time = "2026-04-21T17:11:44.936Z" },
    { url = "https://files.pythonhosted.org/packages/d7/46/1a4e1c66e96c1a3246ddf5403d122ac9b0a8d2b7e65730b9d6533ba7a6d3/mypy-1.20.2-cp314-cp314t-musllinux_1_2_x86_64.whl", hash = "sha256:803203d2b6ea644982c644895c2f78b28d0e208bba7b27d9b921e0ec5eb207c6", size = 16093956, upload-time = "2026-04-21T17:10:17.683Z" },
    { url = "https://files.pythonhosted.org/packages/5a/2c/78a8851264dec38cd736ca5b8bc9380674df0dd0be7792f538916157716c/mypy-1.20.2-cp314-cp314t-win_amd64.whl", hash = "sha256:9bcb8aa397ff0093c824182fd76a935a9ba7ad097fcbef80ae89bf6c1731d8ec", size = 12568661, upload-time = "2026-04-21T17:11:54.473Z" },
    { url = "https://files.pythonhosted.org/packages/83/01/cd7318aa03493322ce275a0e14f4f52b8896335e4e79d4fb8153a7ad2b77/mypy-1.20.2-cp314-cp314t-win_arm64.whl", hash = "sha256:e061b58443f1736f8a37c48978d7ab581636d6ab03e3d4f99e3fa90463bb9382", size = 10389240, upload-time = "2026-04-21T17:09:42.719Z" },
    { url = "https://files.pythonhosted.org/packages/28/9a/f23c163e25b11074188251b0b5a0342625fc1cdb6af604757174fa9acc9b/mypy-1.20.2-py3-none-any.whl", hash = "sha256:a94c5a76ab46c5e6257c7972b6c8cff0574201ca7dc05647e33e795d78680563", size = 2637314, upload-time = "2026-04-21T17:05:54.5Z" },
]

[[package]]
name = "mypy-extensions"
version = "1.1.0"
source = { registry = "https://pypi.org/simple" }
sdist = { url = "https://files.pythonhosted.org/packages/a2/6e/371856a3fb9d31ca8dac321cda606860fa4548858c0cc45d9d1d4ca2628b/mypy_extensions-1.1.0.tar.gz", hash = "sha256:52e68efc3284861e772bbcd66823fde5ae21fd2fdb51c62a211403730b916558", size = 6343, upload-time = "2025-04-22T14:54:24.164Z" }
wheels = [
    { url = "https://files.pythonhosted.org/packages/79/7b/2c79738432f5c924bef5071f933bcc9efd0473bac3b4aa584a6f7c1c8df8/mypy_extensions-1.1.0-py3-none-any.whl", hash = "sha256:1be4cccdb0f2482337c4743e60421de3a356cd97508abadd57d47403e94f5505", size = 4963, upload-time = "2025-04-22T14:54:22.983Z" },
]

[[package]]
name = "packaging"
version = "26.2"
source = { registry = "https://pypi.org/simple" }
sdist = { url = "https://files.pythonhosted.org/packages/d7/f1/e7a6dd94a8d4a5626c03e4e99c87f241ba9e350cd9e6d75123f992427270/packaging-26.2.tar.gz", hash = "sha256:ff452ff5a3e828ce110190feff1178bb1f2ea2281fa2075aadb987c2fb221661", size = 228134, upload-time = "2026-04-24T20:15:23.917Z" }
wheels = [
    { url = "https://files.pythonhosted.org/packages/df/b2/87e62e8c3e2f4b32e5fe99e0b86d576da1312593b39f47d8ceef365e95ed/packaging-26.2-py3-none-any.whl", hash = "sha256:5fc45236b9446107ff2415ce77c807cee2862cb6fac22b8a73826d0693b0980e", size = 100195, upload-time = "2026-04-24T20:15:22.081Z" },
]

[[package]]
name = "paho-mqtt"
version = "2.1.0"
source = { registry = "https://pypi.org/simple" }
sdist = { url = "https://files.pythonhosted.org/packages/39/15/0a6214e76d4d32e7f663b109cf71fb22561c2be0f701d67f93950cd40542/paho_mqtt-2.1.0.tar.gz", hash = "sha256:12d6e7511d4137555a3f6ea167ae846af2c7357b10bc6fa4f7c3968fc1723834", size = 148848, upload-time = "2024-04-29T19:52:55.591Z" }
wheels = [
    { url = "https://files.pythonhosted.org/packages/c4/cb/00451c3cf31790287768bb12c6bec834f5d292eaf3022afc88e14b8afc94/paho_mqtt-2.1.0-py3-none-any.whl", hash = "sha256:6db9ba9b34ed5bc6b6e3812718c7e06e2fd7444540df2455d2c51bd58808feee", size = 67219, upload-time = "2024-04-29T19:52:48.345Z" },
]

[[package]]
name = "pathspec"
version = "1.1.1"
source = { registry = "https://pypi.org/simple" }
sdist = { url = "https://files.pythonhosted.org/packages/5a/82/42f767fc1c1143d6fd36efb827202a2d997a375e160a71eb2888a925aac1/pathspec-1.1.1.tar.gz", hash = "sha256:17db5ecd524104a120e173814c90367a96a98d07c45b2e10c2f3919fff91bf5a", size = 135180, upload-time = "2026-04-27T01:46:08.907Z" }
wheels = [
    { url = "https://files.pythonhosted.org/packages/f1/d9/7fb5aa316bc299258e68c73ba3bddbc499654a07f151cba08f6153988714/pathspec-1.1.1-py3-none-any.whl", hash = "sha256:a00ce642f577bf7f473932318056212bc4f8bfdf53128c78bbd5af0b9b20b189", size = 57328, upload-time = "2026-04-27T01:46:07.06Z" },
]

[[package]]
name = "pluggy"
version = "1.6.0"
source = { registry = "https://pypi.org/simple" }
sdist = { url = "https://files.pythonhosted.org/packages/f9/e2/3e91f31a7d2b083fe6ef3fa267035b518369d9511ffab804f839851d2779/pluggy-1.6.0.tar.gz", hash = "sha256:7dcc130b76258d33b90f61b658791dede3486c3e6bfb003ee5c9bfb396dd22f3", size = 69412, upload-time = "2025-05-15T12:30:07.975Z" }
wheels = [
    { url = "https://files.pythonhosted.org/packages/54/20/4d324d65cc6d9205fabedc306948156824eb9f0ee1633355a8f7ec5c66bf/pluggy-1.6.0-py3-none-any.whl", hash = "sha256:e920276dd6813095e9377c0bc5566d94c932c33b27a3e3945d8389c374dd4746", size = 20538, upload-time = "2025-05-15T12:30:06.134Z" },
]

[[package]]
name = "pygments"
version = "2.20.0"
source = { registry = "https://pypi.org/simple" }
sdist = { url = "https://files.pythonhosted.org/packages/c3/b2/bc9c9196916376152d655522fdcebac55e66de6603a76a02bca1b6414f6c/pygments-2.20.0.tar.gz", hash = "sha256:6757cd03768053ff99f3039c1a36d6c0aa0b263438fcab17520b30a303a82b5f", size = 4955991, upload-time = "2026-03-29T13:29:33.898Z" }
wheels = [
    { url = "https://files.pythonhosted.org/packages/f4/7e/a72dd26f3b0f4f2bf1dd8923c85f7ceb43172af56d63c7383eb62b332364/pygments-2.20.0-py3-none-any.whl", hash = "sha256:81a9e26dd42fd28a23a2d169d86d7ac03b46e2f8b59ed4698fb4785f946d0176", size = 1231151, upload-time = "2026-03-29T13:29:30.038Z" },
]

[[package]]
name = "pytest"
version = "9.0.3"
source = { registry = "https://pypi.org/simple" }
dependencies = [
    { name = "colorama", marker = "sys_platform == 'win32'" },
    { name = "iniconfig" },
    { name = "packaging" },
    { name = "pluggy" },
    { name = "pygments" },
]
sdist = { url = "https://files.pythonhosted.org/packages/7d/0d/549bd94f1a0a402dc8cf64563a117c0f3765662e2e668477624baeec44d5/pytest-9.0.3.tar.gz", hash = "sha256:b86ada508af81d19edeb213c681b1d48246c1a91d304c6c81a427674c17eb91c", size = 1572165, upload-time = "2026-04-07T17:16:18.027Z" }
wheels = [
    { url = "https://files.pythonhosted.org/packages/d4/24/a372aaf5c9b7208e7112038812994107bc65a84cd00e0354a88c2c77a617/pytest-9.0.3-py3-none-any.whl", hash = "sha256:2c5efc453d45394fdd706ade797c0a81091eccd1d6e4bccfcd476e2b8e0ab5d9", size = 375249, upload-time = "2026-04-07T17:16:16.13Z" },
]

[[package]]
name = "ruff"
version = "0.15.12"
source = { registry = "https://pypi.org/simple" }
sdist = { url = "https://files.pythonhosted.org/packages/99/43/3291f1cc9106f4c63bdce7a8d0df5047fe8422a75b091c16b5e9355e0b11/ruff-0.15.12.tar.gz", hash = "sha256:ecea26adb26b4232c0c2ca19ccbc0083a68344180bba2a600605538ce51a40a6", size = 4643852, upload-time = "2026-04-24T18:17:14.305Z" }
wheels = [
    { url = "https://files.pythonhosted.org/packages/c3/6e/e78ffb61d4686f3d96ba3df2c801161843746dcbcbb17a1e927d4829312b/ruff-0.15.12-py3-none-linux_armv6l.whl", hash = "sha256:f86f176e188e94d6bdbc09f09bfd9dc729059ad93d0e7390b5a73efe19f8861c", size = 10640713, upload-time = "2026-04-24T18:17:22.841Z" },
    { url = "https://files.pythonhosted.org/packages/ae/08/a317bc231fb9e7b93e4ef3089501e51922ff88d6936ce5cf870c4fe55419/ruff-0.15.12-py3-none-macosx_10_12_x86_64.whl", hash = "sha256:e3bcd123364c3770b8e1b7baaf343cc99a35f197c5c6e8af79015c666c423a6c", size = 11069267, upload-time = "2026-04-24T18:17:30.105Z" },
    { url = "https://files.pythonhosted.org/packages/aa/a4/f828e9718d3dce1f5f11c39c4f65afd32783c8b2aebb2e3d259e492c47bd/ruff-0.15.12-py3-none-macosx_11_0_arm64.whl", hash = "sha256:fe87510d000220aa1ed530d4448a7c696a0cae1213e5ec30e5874287b66557b5", size = 10397182, upload-time = "2026-04-24T18:17:07.177Z" },
    { url = "https://files.pythonhosted.org/packages/71/e0/3310fc6d1b5e1fdea22bf3b1b807c7e187b581021b0d7d4514cccdb5fb71/ruff-0.15.12-py3-none-manylinux_2_17_aarch64.manylinux2014_aarch64.whl", hash = "sha256:84a1630093121375a3e2a95b4a6dc7b59e2b4ee76216e32d81aae550a832d002", size = 10758012, upload-time = "2026-04-24T18:16:55.759Z" },
    { url = "https://files.pythonhosted.org/packages/11/c1/a606911aee04c324ddaa883ae418f3569792fd3c4a10c50e0dd0a2311e1e/ruff-0.15.12-py3-none-manylinux_2_17_armv7l.manylinux2014_armv7l.whl", hash = "sha256:fb129f40f114f089ebe0ca56c0d251cf2061b17651d464bb6478dc01e69f11f5", size = 10447479, upload-time = "2026-04-24T18:16:51.677Z" },
    { url = "https://files.pythonhosted.org/packages/9d/68/4201e8444f0894f21ab4aeeaee68aa4f10b51613514a20d80bd628d57e88/ruff-0.15.12-py3-none-manylinux_2_17_i686.manylinux2014_i686.whl", hash = "sha256:b0c862b172d695db7598426b8af465e7e9ac00a3ea2a3630ee67eb82e366aaa6", size = 11234040, upload-time = "2026-04-24T18:17:16.529Z" },
    { url = "https://files.pythonhosted.org/packages/34/ff/8a6d6cf4ccc23fd67060874e832c18919d1557a0611ebef03fdb01fff11e/ruff-0.15.12-py3-none-manylinux_2_17_ppc64le.manylinux2014_ppc64le.whl", hash = "sha256:2849ea9f3484c3aca43a82f484210370319e7170df4dfe4843395ddf6c57bc33", size = 12087377, upload-time = "2026-04-24T18:17:04.944Z" },
    { url = "https://files.pythonhosted.org/packages/85/f6/c669cf73f5152f623d34e69866a46d5e6185816b19fcd5b6dd8a2d299922/ruff-0.15.12-py3-none-manylinux_2_17_s390x.manylinux2014_s390x.whl", hash = "sha256:9e77c7e51c07fe396826d5969a5b846d9cd4c402535835fb6e21ce8b28fef847", size = 11367784, upload-time = "2026-04-24T18:17:25.409Z" },
    { url = "https://files.pythonhosted.org/packages/e8/39/c61d193b8a1daaa8977f7dea9e8d8ba866e02ea7b65d32f6861693aa4c12/ruff-0.15.12-py3-none-manylinux_2_17_x86_64.manylinux2014_x86_64.whl", hash = "sha256:83b2f4f2f3b1026b5fb449b467d9264bf22067b600f7b6f41fc5958909f449d0", size = 11344088, upload-time = "2026-04-24T18:17:12.258Z" },
    { url = "https://files.pythonhosted.org/packages/c2/8d/49afab3645e31e12c590acb6d3b5b69d7aab5b81926dbaf7461f9441f37a/ruff-0.15.12-py3-none-manylinux_2_31_riscv64.whl", hash = "sha256:9ba3b8f1afd7e2e43d8943e55f249e13f9682fde09711644a6e7290eb4f3e339", size = 11271770, upload-time = "2026-04-24T18:17:02.457Z" },
    { url = "https://files.pythonhosted.org/packages/46/06/33f41fe94403e2b755481cdfb9b7ef3e4e0ed031c4581124658d935d52b4/ruff-0.15.12-py3-none-musllinux_1_2_aarch64.whl", hash = "sha256:e852ba9fdc890655e1d78f2df1499efbe0e54126bd405362154a75e2bde159c5", size = 10719355, upload-time = "2026-04-24T18:17:27.648Z" },
    { url = "https://files.pythonhosted.org/packages/0d/59/18aa4e014debbf559670e4048e39260a85c7fcee84acfd761ac01e7b8d35/ruff-0.15.12-py3-none-musllinux_1_2_armv7l.whl", hash = "sha256:dd8aed930da53780d22fc70bdf84452c843cf64f8cb4eb38984319c24c5cd5fd", size = 10462758, upload-time = "2026-04-24T18:17:32.347Z" },
    { url = "https://files.pythonhosted.org/packages/25/e7/cc9f16fd0f3b5fddcbd7ec3d6ae30c8f3fde1047f32a4093a98d633c6570/ruff-0.15.12-py3-none-musllinux_1_2_i686.whl", hash = "sha256:01da3988d225628b709493d7dc67c3b9b12c0210016b08690ef9bd27970b262b", size = 10953498, upload-time = "2026-04-24T18:17:20.674Z" },
    { url = "https://files.pythonhosted.org/packages/72/7a/a9ba7f98c7a575978698f4230c5e8cc54bbc761af34f560818f933dafa0c/ruff-0.15.12-py3-none-musllinux_1_2_x86_64.whl", hash = "sha256:9cae0f92bd5700d1213188b31cd3bdd2b315361296d10b96b8e2337d3d11f53e", size = 11447765, upload-time = "2026-04-24T18:17:09.755Z" },
    { url = "https://files.pythonhosted.org/packages/ea/f9/0ae446942c846b8266059ad8a30702a35afae55f5cdc54c5adf8d7afdc27/ruff-0.15.12-py3-none-win32.whl", hash = "sha256:d0185894e038d7043ba8fd6aee7499ece6462dc0ea9f1e260c7451807c714c20", size = 10657277, upload-time = "2026-04-24T18:17:18.591Z" },
    { url = "https://files.pythonhosted.org/packages/33/f1/9614e03e1cdcbf9437570b5400ced8a720b5db22b28d8e0f1bda429f660d/ruff-0.15.12-py3-none-win_amd64.whl", hash = "sha256:c87a162d61ab3adca47c03f7f717c68672edec7d1b5499e652331780fe74950d", size = 11837758, upload-time = "2026-04-24T18:17:00.113Z" },
    { url = "https://files.pythonhosted.org/packages/c0/98/6beb4b351e472e5f4c4613f7c35a5290b8be2497e183825310c4c3a3984b/ruff-0.15.12-py3-none-win_arm64.whl", hash = "sha256:a538f7a82d061cee7be55542aca1d86d1393d55d81d4fcc314370f4340930d4f", size = 11120821, upload-time = "2026-04-24T18:16:57.979Z" },
]

[[package]]
name = "schedule"
version = "1.2.2"
source = { registry = "https://pypi.org/simple" }
sdist = { url = "https://files.pythonhosted.org/packages/0c/91/b525790063015759f34447d4cf9d2ccb52cdee0f1dd6ff8764e863bcb74c/schedule-1.2.2.tar.gz", hash = "sha256:15fe9c75fe5fd9b9627f3f19cc0ef1420508f9f9a46f45cd0769ef75ede5f0b7", size = 26452, upload-time = "2024-06-18T20:03:14.633Z" }
wheels = [
    { url = "https://files.pythonhosted.org/packages/20/a7/84c96b61fd13205f2cafbe263cdb2745965974bdf3e0078f121dfeca5f02/schedule-1.2.2-py3-none-any.whl", hash = "sha256:5bef4a2a0183abf44046ae0d164cadcac21b1db011bdd8102e4a0c1e91e06a7d", size = 12220, upload-time = "2024-05-25T18:41:59.121Z" },
]

[[package]]
name = "setuptools"
version = "82.0.1"
source = { registry = "https://pypi.org/simple" }
sdist = { url = "https://files.pythonhosted.org/packages/4f/db/cfac1baf10650ab4d1c111714410d2fbb77ac5a616db26775db562c8fab2/setuptools-82.0.1.tar.gz", hash = "sha256:7d872682c5d01cfde07da7bccc7b65469d3dca203318515ada1de5eda35efbf9", size = 1152316, upload-time = "2026-03-09T12:47:17.221Z" }
wheels = [
    { url = "https://files.pythonhosted.org/packages/9d/76/f789f7a86709c6b087c5a2f52f911838cad707cc613162401badc665acfe/setuptools-82.0.1-py3-none-any.whl", hash = "sha256:a59e362652f08dcd477c78bb6e7bd9d80a7995bc73ce773050228a348ce2e5bb", size = 1006223, upload-time = "2026-03-09T12:47:15.026Z" },
]

[[package]]
name = "ty"
version = "0.0.34"
source = { registry = "https://pypi.org/simple" }
sdist = { url = "https://files.pythonhosted.org/packages/c4/69/e24eefe2c35c0fdbdec9b60e162727af669bb76d64d993d982eb67b24c38/ty-0.0.34.tar.gz", hash = "sha256:a6efe66b0f13c03a65e6c72ec9abfe2792e2fd063c74fa67e2c4930e29d661be", size = 5585933, upload-time = "2026-05-01T23:06:46.388Z" }
wheels = [
    { url = "https://files.pythonhosted.org/packages/83/7b/8b85003d6639ef17a97dcbb31f4511cfe78f1c81a964470db100c8c883e7/ty-0.0.34-py3-none-linux_armv6l.whl", hash = "sha256:9ecc3d14f07a95a6ceb88e07f8e62358dbd37325d3d5bd56da7217ff1fef7fb8", size = 11067094, upload-time = "2026-05-01T23:06:21.133Z" },
    { url = "https://files.pythonhosted.org/packages/d7/25/b0098f65b020b015c40567c763fc66fffbec88b2ba6f584bca1e92f05ebb/ty-0.0.34-py3-none-macosx_10_12_x86_64.whl", hash = "sha256:0dccffd8a9d02321cd2dee3249df205e26d62694e741f4eeca36b157fd8b419f", size = 10840909, upload-time = "2026-05-01T23:06:18.409Z" },
    { url = "https://files.pythonhosted.org/packages/e4/55/5e4adcf7d2a1006b844903b27cb81244a9b748d850433a46a6c21776c401/ty-0.0.34-py3-none-macosx_11_0_arm64.whl", hash = "sha256:b0ea47a2998e167ab3b21d2f4b5309a9cf33c297809f6d7e3e753252223174d0", size = 10279378, upload-time = "2026-05-01T23:06:37.962Z" },
    { url = "https://files.pythonhosted.org/packages/4d/91/f537dca0db8fe2558e8ab04d8941d687b384fcc1df5eb9023b2db75ac26c/ty-0.0.34-py3-none-manylinux_2_17_aarch64.manylinux2014_aarch64.whl", hash = "sha256:8b37da00b41a118a459ae56d8947e70651073fb33ebfbceb820e4a10b22d5023", size = 10817423, upload-time = "2026-05-01T23:06:26.247Z" },
    { url = "https://files.pythonhosted.org/packages/2c/c4/55a3ad1da2815af1009bdc1b8c90dc11a364cd314e4b48c5128ba9d38859/ty-0.0.34-py3-none-manylinux_2_17_armv7l.manylinux2014_armv7l.whl", hash = "sha256:81cbbb93c2342fe3de43e625d3a9eb149633e9f485e816ebf6395d08685355d8", size = 10851826, upload-time = "2026-05-01T23:06:24.198Z" },
    { url = "https://files.pythonhosted.org/packages/ce/8c/9c7606af22d73fb43ea4369472d9c66ece11231be73b0efe8e3c61655559/ty-0.0.34-py3-none-manylinux_2_17_i686.manylinux2014_i686.whl", hash = "sha256:4c5b4dea1594a021289e172582df9cde7089dce14b276fc650e7b212b1772e12", size = 11356318, upload-time = "2026-05-01T23:06:51.139Z" },
    { url = "https://files.pythonhosted.org/packages/20/54/bb423f663721ab4138b216425c6b55eaefd3a068243b24d6d8fe988f4e13/ty-0.0.34-py3-none-manylinux_2_17_ppc64le.manylinux2014_ppc64le.whl", hash = "sha256:030fb00aa2d2a5b5ae9d9183d574e0c82dae80566700a7490c43669d8ece40cd", size = 11902968, upload-time = "2026-05-01T23:06:35.82Z" },
    { url = "https://files.pythonhosted.org/packages/b6/22/01122b21ab6b534a2f618c6bbe5f1f7f49fd56f4b2ec8887cd6d40d08fb3/ty-0.0.34-py3-none-manylinux_2_17_s390x.manylinux2014_s390x.whl", hash = "sha256:5ae9555e24e36c63a8218e037a5a63f15579eb6aa94f41017e57cd41d335cfb5", size = 11548860, upload-time = "2026-05-01T23:06:42.155Z" },
    { url = "https://files.pythonhosted.org/packages/d1/50/86008b1392ec64bed1957bbcc7aaa43b466b50dfc91bb131841c21d7c5c3/ty-0.0.34-py3-none-manylinux_2_17_x86_64.manylinux2014_x86_64.whl", hash = "sha256:99eb23df9ed129fc26d1ab00d6f0b8dfe5253b09c2ac6abdb11523fa70d67f10", size = 11457097, upload-time = "2026-05-01T23:06:53.477Z" },
    { url = "https://files.pythonhosted.org/packages/92/3e/4558b2296963ba99c58d8409c57d7db4f3061b656c3613cb21c02c1ef4c2/ty-0.0.34-py3-none-musllinux_1_2_aarch64.whl", hash = "sha256:85de45382016eceae69e104815eb2cfa200787df104002e262a86cbd43ed2c02", size = 10798192, upload-time = "2026-05-01T23:06:40.004Z" },
    { url = "https://files.pythonhosted.org/packages/76/bf/650d24402be2ef678528d60caac1d9477a40fc37e3792ecef07834fd7a4a/ty-0.0.34-py3-none-musllinux_1_2_armv7l.whl", hash = "sha256:14cb575fb8fa5131f5129d100cfe23c1575d23faf5dfc5158432749a3e38c9b5", size = 10890390, upload-time = "2026-05-01T23:06:33.076Z" },
    { url = "https://files.pythonhosted.org/packages/5c/ef/ccd2ca13906079f7935fd7e067661b24233017f57d987d51d6a121d85bb5/ty-0.0.34-py3-none-musllinux_1_2_i686.whl", hash = "sha256:c6fc0b69d8450e6910ba9db34572b959b81329a97ae273c391f70e9fb6c1aade", size = 11031564, upload-time = "2026-05-01T23:06:55.812Z" },
    { url = "https://files.pythonhosted.org/packages/ba/2d/d27b72005b6f43599e3bcabab0d7135ac0c230b7a307bb99f9eea02c1cda/ty-0.0.34-py3-none-musllinux_1_2_x86_64.whl", hash = "sha256:30dfcec2f0fde3993f4f912ed0e057dcbebc8615299f610a4c2ddb7b5a3e1e06", size = 11553430, upload-time = "2026-05-01T23:06:31.096Z" },
    { url = "https://files.pythonhosted.org/packages/a7/12/20812e1ad930b8d4af70eebf19ad23cff6e31efcfa613ef884531fcdbaa1/ty-0.0.34-py3-none-win32.whl", hash = "sha256:97b77ddf007271b812a313a8f0a14929bc5590958433e1fb83ef585676f53342", size = 10436048, upload-time = "2026-05-01T23:06:49.108Z" },
    { url = "https://files.pythonhosted.org/packages/b0/6a/afa095c5987868fbda27c0f731146ac8e3d07b357adfa83daccaee5b1a16/ty-0.0.34-py3-none-win_amd64.whl", hash = "sha256:1f543968accb952705134028d1fda8656882787dbbc667ad4d6c3ba23791d604", size = 11462526, upload-time = "2026-05-01T23:06:28.514Z" },
    { url = "https://files.pythonhosted.org/packages/63/8f/bf041a06260d77662c0605e56dacfe90b786bf824cbe1aed238d15fe5e84/ty-0.0.34-py3-none-win_arm64.whl", hash = "sha256:ea09108cbcb16b6b06d7596312b433bf49681e78d30e4dc7fb3c1b248a95e09a", size = 10846945, upload-time = "2026-05-01T23:06:44.428Z" },
]

[[package]]
name = "typing-extensions"
version = "4.15.0"
source = { registry = "https://pypi.org/simple" }
sdist = { url = "https://files.pythonhosted.org/packages/72/94/1a15dd82efb362ac84269196e94cf00f187f7ed21c242792a923cdb1c61f/typing_extensions-4.15.0.tar.gz", hash = "sha256:0cea48d173cc12fa28ecabc3b837ea3cf6f38c6d1136f85cbaaf598984861466", size = 109391, upload-time = "2025-08-25T13:49:26.313Z" }
wheels = [
    { url = "https://files.pythonhosted.org/packages/18/67/36e9267722cc04a6b9f15c7f3441c2363321a3ea07da7ae0c0707beb2a9c/typing_extensions-4.15.0-py3-none-any.whl", hash = "sha256:f0fa19c6845758ab08074a0cfa8b7aecb71c999ca73d62883bc25cc018c4e548", size = 44614, upload-time = "2025-08-25T13:49:24.86Z" },
]
